
Microsoft Visual Studio Solution File, Format Version 12.00
# Visual Studio Version 16
VisualStudioVersion = 16.0.28729.10
MinimumVisualStudioVersion = 15.0.26124.0
Project("{2150E333-8FDC-42A3-9474-1A3956D46DE8}") = "src", "src", "{BAC90A9A-7C47-4C23-A545-D779DDA1BD8E}"
EndProject
Project("{9A19103F-16F7-4668-BE54-9A1E7A4F7556}") = "Strategy", "src\Strategy\Strategy.csproj", "{258173E0-5720-4EC1-B44F-BCEA35696894}"
EndProject
Project("{9A19103F-16F7-4668-BE54-9A1E7A4F7556}") = "Observer", "src\Observer\Observer.csproj", "{AF89688F-DD5F-4B3C-8797-FC5139C25298}"
EndProject
Project("{9A19103F-16F7-4668-BE54-9A1E7A4F7556}") = "Decorator", "src\Decorator\Decorator.csproj", "{DE549259-757F-499F-BF9A-D964EDE08600}"
EndProject
Project("{9A19103F-16F7-4668-BE54-9A1E7A4F7556}") = "Factory", "src\Factory\Factory.csproj", "{7A8C035A-C660-4C94-8413-D436A03AB94B}"
EndProject
Project("{FAE04EC0-301F-11D3-BF4B-00C04F79EFBC}") = "Singleton", "src\Singleton\Singleton.csproj", "{1F82A3DF-3A2C-4D50-8727-E646EBB7B761}"
EndProject
Global
	GlobalSection(SolutionConfigurationPlatforms) = preSolution
		Debug|Any CPU = Debug|Any CPU
		Debug|x64 = Debug|x64
		Debug|x86 = Debug|x86
		Release|Any CPU = Release|Any CPU
		Release|x64 = Release|x64
		Release|x86 = Release|x86
	EndGlobalSection
	GlobalSection(ProjectConfigurationPlatforms) = postSolution
		{258173E0-5720-4EC1-B44F-BCEA35696894}.Debug|Any CPU.ActiveCfg = Debug|Any CPU
		{258173E0-5720-4EC1-B44F-BCEA35696894}.Debug|Any CPU.Build.0 = Debug|Any CPU
		{258173E0-5720-4EC1-B44F-BCEA35696894}.Debug|x64.ActiveCfg = Debug|Any CPU
		{258173E0-5720-4EC1-B44F-BCEA35696894}.Debug|x64.Build.0 = Debug|Any CPU
		{258173E0-5720-4EC1-B44F-BCEA35696894}.Debug|x86.ActiveCfg = Debug|Any CPU
		{258173E0-5720-4EC1-B44F-BCEA35696894}.Debug|x86.Build.0 = Debug|Any CPU
		{258173E0-5720-4EC1-B44F-BCEA35696894}.Release|Any CPU.ActiveCfg = Release|Any CPU
		{258173E0-5720-4EC1-B44F-BCEA35696894}.Release|Any CPU.Build.0 = Release|Any CPU
		{258173E0-5720-4EC1-B44F-BCEA35696894}.Release|x64.ActiveCfg = Release|Any CPU
		{258173E0-5720-4EC1-B44F-BCEA35696894}.Release|x64.Build.0 = Release|Any CPU
		{258173E0-5720-4EC1-B44F-BCEA35696894}.Release|x86.ActiveCfg = Release|Any CPU
		{258173E0-5720-4EC1-B44F-BCEA35696894}.Release|x86.Build.0 = Release|Any CPU
		{AF89688F-DD5F-4B3C-8797-FC5139C25298}.Debug|Any CPU.ActiveCfg = Debug|Any CPU
		{AF89688F-DD5F-4B3C-8797-FC5139C25298}.Debug|Any CPU.Build.0 = Debug|Any CPU
		{AF89688F-DD5F-4B3C-8797-FC5139C25298}.Debug|x64.ActiveCfg = Debug|Any CPU
		{AF89688F-DD5F-4B3C-8797-FC5139C25298}.Debug|x64.Build.0 = Debug|Any CPU
		{AF89688F-DD5F-4B3C-8797-FC5139C25298}.Debug|x86.ActiveCfg = Debug|Any CPU
		{AF89688F-DD5F-4B3C-8797-FC5139C25298}.Debug|x86.Build.0 = Debug|Any CPU
		{AF89688F-DD5F-4B3C-8797-FC5139C25298}.Release|Any CPU.ActiveCfg = Release|Any CPU
		{AF89688F-DD5F-4B3C-8797-FC5139C25298}.Release|Any CPU.Build.0 = Release|Any CPU
		{AF89688F-DD5F-4B3C-8797-FC5139C25298}.Release|x64.ActiveCfg = Release|Any CPU
		{AF89688F-DD5F-4B3C-8797-FC5139C25298}.Release|x64.Build.0 = Release|Any CPU
		{AF89688F-DD5F-4B3C-8797-FC5139C25298}.Release|x86.ActiveCfg = Release|Any CPU
		{AF89688F-DD5F-4B3C-8797-FC5139C25298}.Release|x86.Build.0 = Release|Any CPU
		{DE549259-757F-499F-BF9A-D964EDE08600}.Debug|Any CPU.ActiveCfg = Debug|Any CPU
		{DE549259-757F-499F-BF9A-D964EDE08600}.Debug|Any CPU.Build.0 = Debug|Any CPU
		{DE549259-757F-499F-BF9A-D964EDE08600}.Debug|x64.ActiveCfg = Debug|Any CPU
		{DE549259-757F-499F-BF9A-D964EDE08600}.Debug|x64.Build.0 = Debug|Any CPU
		{DE549259-757F-499F-BF9A-D964EDE08600}.Debug|x86.ActiveCfg = Debug|Any CPU
		{DE549259-757F-499F-BF9A-D964EDE08600}.Debug|x86.Build.0 = Debug|Any CPU
		{DE549259-757F-499F-BF9A-D964EDE08600}.Release|Any CPU.ActiveCfg = Release|Any CPU
		{DE549259-757F-499F-BF9A-D964EDE08600}.Release|Any CPU.Build.0 = Release|Any CPU
		{DE549259-757F-499F-BF9A-D964EDE08600}.Release|x64.ActiveCfg = Release|Any CPU
		{DE549259-757F-499F-BF9A-D964EDE08600}.Release|x64.Build.0 = Release|Any CPU
		{DE549259-757F-499F-BF9A-D964EDE08600}.Release|x86.ActiveCfg = Release|Any CPU
		{DE549259-757F-499F-BF9A-D964EDE08600}.Release|x86.Build.0 = Release|Any CPU
		{7A8C035A-C660-4C94-8413-D436A03AB94B}.Debug|Any CPU.ActiveCfg = Debug|Any CPU
		{7A8C035A-C660-4C94-8413-D436A03AB94B}.Debug|Any CPU.Build.0 = Debug|Any CPU
		{7A8C035A-C660-4C94-8413-D436A03AB94B}.Debug|x64.ActiveCfg = Debug|Any CPU
		{7A8C035A-C660-4C94-8413-D436A03AB94B}.Debug|x64.Build.0 = Debug|Any CPU
		{7A8C035A-C660-4C94-8413-D436A03AB94B}.Debug|x86.ActiveCfg = Debug|Any CPU
		{7A8C035A-C660-4C94-8413-D436A03AB94B}.Debug|x86.Build.0 = Debug|Any CPU
		{7A8C035A-C660-4C94-8413-D436A03AB94B}.Release|Any CPU.ActiveCfg = Release|Any CPU
		{7A8C035A-C660-4C94-8413-D436A03AB94B}.Release|Any CPU.Build.0 = Release|Any CPU
		{7A8C035A-C660-4C94-8413-D436A03AB94B}.Release|x64.ActiveCfg = Release|Any CPU
		{7A8C035A-C660-4C94-8413-D436A03AB94B}.Release|x64.Build.0 = Release|Any CPU
		{7A8C035A-C660-4C94-8413-D436A03AB94B}.Release|x86.ActiveCfg = Release|Any CPU
		{7A8C035A-C660-4C94-8413-D436A03AB94B}.Release|x86.Build.0 = Release|Any CPU
		{1F82A3DF-3A2C-4D50-8727-E646EBB7B761}.Debug|Any CPU.ActiveCfg = Debug|Any CPU
		{1F82A3DF-3A2C-4D50-8727-E646EBB7B761}.Debug|Any CPU.Build.0 = Debug|Any CPU
		{1F82A3DF-3A2C-4D50-8727-E646EBB7B761}.Debug|x64.ActiveCfg = Debug|Any CPU
		{1F82A3DF-3A2C-4D50-8727-E646EBB7B761}.Debug|x64.Build.0 = Debug|Any CPU
		{1F82A3DF-3A2C-4D50-8727-E646EBB7B761}.Debug|x86.ActiveCfg = Debug|Any CPU
		{1F82A3DF-3A2C-4D50-8727-E646EBB7B761}.Debug|x86.Build.0 = Debug|Any CPU
		{1F82A3DF-3A2C-4D50-8727-E646EBB7B761}.Release|Any CPU.ActiveCfg = Release|Any CPU
		{1F82A3DF-3A2C-4D50-8727-E646EBB7B761}.Release|Any CPU.Build.0 = Release|Any CPU
		{1F82A3DF-3A2C-4D50-8727-E646EBB7B761}.Release|x64.ActiveCfg = Release|Any CPU
		{1F82A3DF-3A2C-4D50-8727-E646EBB7B761}.Release|x64.Build.0 = Release|Any CPU
		{1F82A3DF-3A2C-4D50-8727-E646EBB7B761}.Release|x86.ActiveCfg = Release|Any CPU
		{1F82A3DF-3A2C-4D50-8727-E646EBB7B761}.Release|x86.Build.0 = Release|Any CPU
	EndGlobalSection
	GlobalSection(SolutionProperties) = preSolution
		HideSolutionNode = FALSE
	EndGlobalSection
	GlobalSection(NestedProjects) = preSolution
		{258173E0-5720-4EC1-B44F-BCEA35696894} = {BAC90A9A-7C47-4C23-A545-D779DDA1BD8E}
		{AF89688F-DD5F-4B3C-8797-FC5139C25298} = {BAC90A9A-7C47-4C23-A545-D779DDA1BD8E}
		{DE549259-757F-499F-BF9A-D964EDE08600} = {BAC90A9A-7C47-4C23-A545-D779DDA1BD8E}
		{7A8C035A-C660-4C94-8413-D436A03AB94B} = {BAC90A9A-7C47-4C23-A545-D779DDA1BD8E}
		{1F82A3DF-3A2C-4D50-8727-E646EBB7B761} = {BAC90A9A-7C47-4C23-A545-D779DDA1BD8E}
	EndGlobalSection
	GlobalSection(ExtensibilityGlobals) = postSolution
		SolutionGuid = {3FC4B49A-7316-4EEB-965D-8A0C7A8F592E}
	EndGlobalSection
EndGlobal
